
Microsoft Visual Studio Solution File, Format Version 11.00
# Visual Studio 2010
Project("{FAE04EC0-301F-11D3-BF4B-00C04F79EFBC}") = "Students-Study-Groups", "Students-Study-Groups\Students-Study-Groups.csproj", "{2E39F477-E567-4353-82E7-63855067582E}"
EndProject
Global
	GlobalSection(SolutionConfigurationPlatforms) = preSolution
		Debug|Any CPU = Debug|Any CPU
		Release|Any CPU = Release|Any CPU
	EndGlobalSection
	GlobalSection(ProjectConfigurationPlatforms) = postSolution
		{2E39F477-E567-4353-82E7-63855067582E}.Debug|Any CPU.ActiveCfg = Debug|Any CPU
		{2E39F477-E567-4353-82E7-63855067582E}.Debug|Any CPU.Build.0 = Debug|Any CPU
		{2E39F477-E567-4353-82E7-63855067582E}.Release|Any CPU.ActiveCfg = Release|Any CPU
		{2E39F477-E567-4353-82E7-63855067582E}.Release|Any CPU.Build.0 = Release|Any CPU
	EndGlobalSection
	GlobalSection(SolutionProperties) = preSolution
		HideSolutionNode = FALSE
	EndGlobalSection
EndGlobal
